
Microsoft Visual Studio Solution File, Format Version 12.00
# Visual Studio 15
VisualStudioVersion = 15.0.28307.1259
MinimumVisualStudioVersion = 10.0.40219.1
Project("{8BC9CEB8-8B4A-11D0-8D11-00A0C91BC942}") = "mMssgRouteApiLib", "mMssgRouteApiLib.vcxproj", "{D96061F6-B810-42FD-8504-13CEB5C31484}"
EndProject
Global
	GlobalSection(SolutionConfigurationPlatforms) = preSolution
		Debug|x64 = Debug|x64
		Debug|x86 = Debug|x86
		Release|x64 = Release|x64
		Release|x86 = Release|x86
	EndGlobalSection
	GlobalSection(ProjectConfigurationPlatforms) = postSolution
		{D96061F6-B810-42FD-8504-13CEB5C31484}.Debug|x64.ActiveCfg = Debug|x64
		{D96061F6-B810-42FD-8504-13CEB5C31484}.Debug|x64.Build.0 = Debug|x64
		{D96061F6-B810-42FD-8504-13CEB5C31484}.Debug|x86.ActiveCfg = Debug|Win32
		{D96061F6-B810-42FD-8504-13CEB5C31484}.Debug|x86.Build.0 = Debug|Win32
		{D96061F6-B810-42FD-8504-13CEB5C31484}.Release|x64.ActiveCfg = Release|x64
		{D96061F6-B810-42FD-8504-13CEB5C31484}.Release|x64.Build.0 = Release|x64
		{D96061F6-B810-42FD-8504-13CEB5C31484}.Release|x86.ActiveCfg = Release|Win32
		{D96061F6-B810-42FD-8504-13CEB5C31484}.Release|x86.Build.0 = Release|Win32
	EndGlobalSection
	GlobalSection(SolutionProperties) = preSolution
		HideSolutionNode = FALSE
	EndGlobalSection
	GlobalSection(ExtensibilityGlobals) = postSolution
		SolutionGuid = {650BD91F-EE68-45D6-ABAD-8C7C5F7CCF47}
	EndGlobalSection
EndGlobal
